
Microsoft Visual Studio Solution File, Format Version 12.00
Project("{FAE04EC0-301F-11D3-BF4B-00C04F79EFBC}") = "StringExceptions", "StringExceptions\StringExceptions.csproj", "{22DEC2F2-2377-4DF3-B65F-A9003C4893D3}"
EndProject
Project("{FAE04EC0-301F-11D3-BF4B-00C04F79EFBC}") = "Test", "Test\Test.csproj", "{DBD1A4AE-F4F2-4E5E-8AAC-241B00F81A3B}"
EndProject
Global
	GlobalSection(SolutionConfigurationPlatforms) = preSolution
		Debug|Any CPU = Debug|Any CPU
		Release|Any CPU = Release|Any CPU
	EndGlobalSection
	GlobalSection(ProjectConfigurationPlatforms) = postSolution
		{22DEC2F2-2377-4DF3-B65F-A9003C4893D3}.Debug|Any CPU.ActiveCfg = Debug|Any CPU
		{22DEC2F2-2377-4DF3-B65F-A9003C4893D3}.Debug|Any CPU.Build.0 = Debug|Any CPU
		{22DEC2F2-2377-4DF3-B65F-A9003C4893D3}.Release|Any CPU.ActiveCfg = Release|Any CPU
		{22DEC2F2-2377-4DF3-B65F-A9003C4893D3}.Release|Any CPU.Build.0 = Release|Any CPU
		{DBD1A4AE-F4F2-4E5E-8AAC-241B00F81A3B}.Debug|Any CPU.ActiveCfg = Debug|Any CPU
		{DBD1A4AE-F4F2-4E5E-8AAC-241B00F81A3B}.Debug|Any CPU.Build.0 = Debug|Any CPU
		{DBD1A4AE-F4F2-4E5E-8AAC-241B00F81A3B}.Release|Any CPU.ActiveCfg = Release|Any CPU
		{DBD1A4AE-F4F2-4E5E-8AAC-241B00F81A3B}.Release|Any CPU.Build.0 = Release|Any CPU
	EndGlobalSection
EndGlobal
